
Microsoft Visual Studio Solution File, Format Version 12.00
# Visual Studio Version 17
VisualStudioVersion = 17.10.35027.167
MinimumVisualStudioVersion = 10.0.40219.1
Project("{FAE04EC0-301F-11D3-BF4B-00C04F79EFBC}") = "DiceRoll", "DiceRoll\DiceRoll.csproj", "{6B67BDFC-4872-469D-89E1-9ABBC288B4CC}"
EndProject
Global
	GlobalSection(SolutionConfigurationPlatforms) = preSolution
		Debug|Any CPU = Debug|Any CPU
		Release|Any CPU = Release|Any CPU
	EndGlobalSection
	GlobalSection(ProjectConfigurationPlatforms) = postSolution
		{6B67BDFC-4872-469D-89E1-9ABBC288B4CC}.Debug|Any CPU.ActiveCfg = Debug|Any CPU
		{6B67BDFC-4872-469D-89E1-9ABBC288B4CC}.Debug|Any CPU.Build.0 = Debug|Any CPU
		{6B67BDFC-4872-469D-89E1-9ABBC288B4CC}.Release|Any CPU.ActiveCfg = Release|Any CPU
		{6B67BDFC-4872-469D-89E1-9ABBC288B4CC}.Release|Any CPU.Build.0 = Release|Any CPU
	EndGlobalSection
	GlobalSection(SolutionProperties) = preSolution
		HideSolutionNode = FALSE
	EndGlobalSection
	GlobalSection(ExtensibilityGlobals) = postSolution
		SolutionGuid = {7AB2DDB1-1DD5-4B33-B20F-3F9B7798F344}
	EndGlobalSection
EndGlobal
